
Microsoft Visual Studio Solution File, Format Version 12.00
# Visual Studio Version 17
VisualStudioVersion = 17.14.36518.9 d17.14
MinimumVisualStudioVersion = 10.0.40219.1
Project("{FAE04EC0-301F-11D3-BF4B-00C04F79EFBC}") = "hello world", "hello world.csproj", "{C9DCF50C-1D9C-4D1E-873B-3F4CB967705C}"
EndProject
Global
	GlobalSection(SolutionConfigurationPlatforms) = preSolution
		Debug|Any CPU = Debug|Any CPU
		Release|Any CPU = Release|Any CPU
	EndGlobalSection
	GlobalSection(ProjectConfigurationPlatforms) = postSolution
		{C9DCF50C-1D9C-4D1E-873B-3F4CB967705C}.Debug|Any CPU.ActiveCfg = Debug|Any CPU
		{C9DCF50C-1D9C-4D1E-873B-3F4CB967705C}.Debug|Any CPU.Build.0 = Debug|Any CPU
		{C9DCF50C-1D9C-4D1E-873B-3F4CB967705C}.Release|Any CPU.ActiveCfg = Release|Any CPU
		{C9DCF50C-1D9C-4D1E-873B-3F4CB967705C}.Release|Any CPU.Build.0 = Release|Any CPU
	EndGlobalSection
	GlobalSection(SolutionProperties) = preSolution
		HideSolutionNode = FALSE
	EndGlobalSection
	GlobalSection(ExtensibilityGlobals) = postSolution
		SolutionGuid = {6D62679D-E2D0-422C-80FB-2072C86420AC}
	EndGlobalSection
EndGlobal
